{
  "name": "eos-wallet-js2",
  "version": "1.0.0",
  "lockfileVersion": 1,
  "requires": true,
  "dependencies": {
    "async-limiter": {
      "version": "1.0.1",
      "resolved": "https://registry.npm.taobao.org/async-limiter/download/async-limiter-1.0.1.tgz",
      "integrity": "sha1-3TeelPDbgxCwgpH51kwyCXZmF/0="
    },
    "axios": {
      "version": "0.24.0",
      "resolved": "https://registry.npmmirror.com/axios/download/axios-0.24.0.tgz",
      "integrity": "sha512-Q6cWsys88HoPgAaFAVUb0WpPk0O8iTeisR9IMqy9G8AbO4NlpVknrnQS03zzF9PGAWgO3cgletO3VjV/P7VztA==",
      "requires": {
        "follow-redirects": "^1.14.4"
      }
    },
    "bn.js": {
      "version": "5.2.0",
      "resolved": "https://registry.npm.taobao.org/bn.js/download/bn.js-5.2.0.tgz",
      "integrity": "sha1-NYhgZ0OWxpl3canQUfzBtX1K4AI="
    },
    "brorand": {
      "version": "1.1.0",
      "resolved": "https://registry.npm.taobao.org/brorand/download/brorand-1.1.0.tgz",
      "integrity": "sha1-EsJe/kCkXjwyPrhnWgoM5XsiNx8="
    },
    "cipher-base": {
      "version": "1.0.4",
      "resolved": "https://registry.npm.taobao.org/cipher-base/download/cipher-base-1.0.4.tgz",
      "integrity": "sha1-h2Dk7MJy9MNjUy+SbYdKriwTl94=",
      "requires": {
        "inherits": "^2.0.1",
        "safe-buffer": "^5.0.1"
      }
    },
    "create-hash": {
      "version": "1.2.0",
      "resolved": "https://registry.npm.taobao.org/create-hash/download/create-hash-1.2.0.tgz",
      "integrity": "sha1-iJB4rxGmN1a8+1m9IhmWvjqe8ZY=",
      "requires": {
        "cipher-base": "^1.0.1",
        "inherits": "^2.0.1",
        "md5.js": "^1.3.4",
        "ripemd160": "^2.0.1",
        "sha.js": "^2.4.0"
      }
    },
    "dom-walk": {
      "version": "0.1.2",
      "resolved": "https://registry.npm.taobao.org/dom-walk/download/dom-walk-0.1.2.tgz",
      "integrity": "sha1-DFSL7wSPTR8qlySQAiNgYNqj/YQ="
    },
    "elliptic": {
      "version": "6.5.4",
      "resolved": "https://registry.nlark.com/elliptic/download/elliptic-6.5.4.tgz",
      "integrity": "sha1-2jfOvTHnmhNn6UG1ku0fvr1Yq7s=",
      "requires": {
        "bn.js": "^4.11.9",
        "brorand": "^1.1.0",
        "hash.js": "^1.0.0",
        "hmac-drbg": "^1.0.1",
        "inherits": "^2.0.4",
        "minimalistic-assert": "^1.0.1",
        "minimalistic-crypto-utils": "^1.0.1"
      },
      "dependencies": {
        "bn.js": {
          "version": "4.12.0",
          "resolved": "https://registry.npm.taobao.org/bn.js/download/bn.js-4.12.0.tgz",
          "integrity": "sha1-d1s/J477uXGO7HNh9IP7Nvu/6og="
        }
      }
    },
    "eosjs": {
      "version": "22.1.0",
      "resolved": "https://registry.npmmirror.com/eosjs/download/eosjs-22.1.0.tgz",
      "integrity": "sha1-esQOLx+Vn6twU5wwrIrkbJA4qjw=",
      "requires": {
        "bn.js": "5.2.0",
        "elliptic": "6.5.4",
        "hash.js": "1.1.7",
        "pako": "2.0.3"
      }
    },
    "es6-promise": {
      "version": "4.2.8",
      "resolved": "https://registry.npm.taobao.org/es6-promise/download/es6-promise-4.2.8.tgz",
      "integrity": "sha1-TrIVlMlyvEBVPSduUQU5FD21Pgo="
    },
    "follow-redirects": {
      "version": "1.14.7",
      "resolved": "https://registry.npmmirror.com/follow-redirects/download/follow-redirects-1.14.7.tgz",
      "integrity": "sha512-+hbxoLbFMbRKDwohX8GkTataGqO6Jb7jGwpAlwgy2bIz25XtRm7KEzJM76R1WiNT5SwZkX4Y75SwBolkpmE7iQ=="
    },
    "get-random-values": {
      "version": "1.2.2",
      "resolved": "https://registry.nlark.com/get-random-values/download/get-random-values-1.2.2.tgz",
      "integrity": "sha1-8dlE0AJUM9U6K9mUG56XXZii9/8=",
      "requires": {
        "global": "^4.4.0"
      }
    },
    "global": {
      "version": "4.4.0",
      "resolved": "https://registry.npm.taobao.org/global/download/global-4.4.0.tgz",
      "integrity": "sha1-PnsQUXkAajI+1xqvyj6cV6XMZAY=",
      "requires": {
        "min-document": "^2.19.0",
        "process": "^0.11.10"
      }
    },
    "hash-base": {
      "version": "3.1.0",
      "resolved": "https://registry.npm.taobao.org/hash-base/download/hash-base-3.1.0.tgz",
      "integrity": "sha1-VcOB2eBuHSmXqIO0o/3f5/DTrzM=",
      "requires": {
        "inherits": "^2.0.4",
        "readable-stream": "^3.6.0",
        "safe-buffer": "^5.2.0"
      }
    },
    "hash.js": {
      "version": "1.1.7",
      "resolved": "https://registry.npm.taobao.org/hash.js/download/hash.js-1.1.7.tgz",
      "integrity": "sha1-C6vKU46NTuSg+JiNaIZlN6ADz0I=",
      "requires": {
        "inherits": "^2.0.3",
        "minimalistic-assert": "^1.0.1"
      }
    },
    "hmac-drbg": {
      "version": "1.0.1",
      "resolved": "https://registry.npm.taobao.org/hmac-drbg/download/hmac-drbg-1.0.1.tgz",
      "integrity": "sha1-0nRXAQJabHdabFRXk+1QL8DGSaE=",
      "requires": {
        "hash.js": "^1.0.3",
        "minimalistic-assert": "^1.0.0",
        "minimalistic-crypto-utils": "^1.0.1"
      }
    },
    "inherits": {
      "version": "2.0.4",
      "resolved": "https://registry.npm.taobao.org/inherits/download/inherits-2.0.4.tgz",
      "integrity": "sha1-D6LGT5MpF8NDOg3tVTY6rjdBa3w="
    },
    "isomorphic-ws": {
      "version": "4.0.1",
      "resolved": "https://registry.npm.taobao.org/isomorphic-ws/download/isomorphic-ws-4.0.1.tgz",
      "integrity": "sha1-Vf1M1sXmSR523BJZON2GP1zU8tw="
    },
    "md5.js": {
      "version": "1.3.5",
      "resolved": "https://registry.npm.taobao.org/md5.js/download/md5.js-1.3.5.tgz",
      "integrity": "sha1-tdB7jjIW4+J81yjXL3DR5qNCAF8=",
      "requires": {
        "hash-base": "^3.0.0",
        "inherits": "^2.0.1",
        "safe-buffer": "^5.1.2"
      }
    },
    "min-document": {
      "version": "2.19.0",
      "resolved": "https://registry.npm.taobao.org/min-document/download/min-document-2.19.0.tgz",
      "integrity": "sha1-e9KC4/WELtKVu3SM3Z8f+iyCRoU=",
      "requires": {
        "dom-walk": "^0.1.0"
      }
    },
    "minimalistic-assert": {
      "version": "1.0.1",
      "resolved": "https://registry.npm.taobao.org/minimalistic-assert/download/minimalistic-assert-1.0.1.tgz",
      "integrity": "sha1-LhlN4ERibUoQ5/f7wAznPoPk1cc="
    },
    "minimalistic-crypto-utils": {
      "version": "1.0.1",
      "resolved": "https://registry.npm.taobao.org/minimalistic-crypto-utils/download/minimalistic-crypto-utils-1.0.1.tgz",
      "integrity": "sha1-9sAMHAsIIkblxNmd+4x8CDsrWCo="
    },
    "pako": {
      "version": "2.0.3",
      "resolved": "https://registry.nlark.com/pako/download/pako-2.0.3.tgz",
      "integrity": "sha1-zfR14xtnhWUlFAbennWRlqDqekM="
    },
    "process": {
      "version": "0.11.10",
      "resolved": "https://registry.npmmirror.com/process/download/process-0.11.10.tgz",
      "integrity": "sha512-cdGef/drWFoydD1JsMzuFf8100nZl+GT+yacc2bEced5f9Rjk4z+WtFUTBu9PhOi9j/jfmBPu0mMEY4wIdAF8A=="
    },
    "readable-stream": {
      "version": "3.6.0",
      "resolved": "https://registry.npm.taobao.org/readable-stream/download/readable-stream-3.6.0.tgz",
      "integrity": "sha1-M3u9o63AcGvT4CRCaihtS0sskZg=",
      "requires": {
        "inherits": "^2.0.3",
        "string_decoder": "^1.1.1",
        "util-deprecate": "^1.0.1"
      }
    },
    "ripemd160": {
      "version": "2.0.2",
      "resolved": "https://registry.npm.taobao.org/ripemd160/download/ripemd160-2.0.2.tgz",
      "integrity": "sha1-ocGm9iR1FXe6XQeRTLyShQWFiQw=",
      "requires": {
        "hash-base": "^3.0.0",
        "inherits": "^2.0.1"
      }
    },
    "safe-buffer": {
      "version": "5.2.1",
      "resolved": "https://registry.npm.taobao.org/safe-buffer/download/safe-buffer-5.2.1.tgz",
      "integrity": "sha1-Hq+fqb2x/dTsdfWPnNtOa3gn7sY="
    },
    "scatterjs-core": {
      "version": "2.7.18",
      "resolved": "https://registry.npmmirror.com/scatterjs-core/download/scatterjs-core-2.7.18.tgz",
      "integrity": "sha1-e+dz59eTsscTdGKy3DxDzOH5Kgc=",
      "requires": {
        "create-hash": "^1.2.0",
        "es6-promise": "^4.2.4",
        "get-random-values": "^1.2.0",
        "isomorphic-ws": "^4.0.1",
        "ws": "^6.1.0"
      }
    },
    "scatterjs-plugin-eosjs2": {
      "version": "1.5.0",
      "resolved": "https://registry.npmmirror.com/scatterjs-plugin-eosjs2/download/scatterjs-plugin-eosjs2-1.5.0.tgz",
      "integrity": "sha1-To4IhZyCr3ucCydepXyXOaNzzBg="
    },
    "sha.js": {
      "version": "2.4.11",
      "resolved": "https://registry.npm.taobao.org/sha.js/download/sha.js-2.4.11.tgz",
      "integrity": "sha1-N6XPC4HsvGlD3hCbopYNGyZYSuc=",
      "requires": {
        "inherits": "^2.0.1",
        "safe-buffer": "^5.0.1"
      }
    },
    "string_decoder": {
      "version": "1.3.0",
      "resolved": "https://registry.npm.taobao.org/string_decoder/download/string_decoder-1.3.0.tgz",
      "integrity": "sha1-QvEUWUpGzxqOMLCoT1bHjD7awh4=",
      "requires": {
        "safe-buffer": "~5.2.0"
      }
    },
    "util-deprecate": {
      "version": "1.0.2",
      "resolved": "https://registry.npm.taobao.org/util-deprecate/download/util-deprecate-1.0.2.tgz",
      "integrity": "sha1-RQ1Nyfpw3nMnYvvS1KKJgUGaDM8="
    },
    "ws": {
      "version": "6.2.2",
      "resolved": "https://registry.npmmirror.com/ws/download/ws-6.2.2.tgz",
      "integrity": "sha512-zmhltoSR8u1cnDsD43TX59mzoMZsLKqUweyYBAIvTngR3shc0W6aOZylZmq/7hqyVxPdi+5Ud2QInblgyE72fw==",
      "requires": {
        "async-limiter": "~1.0.0"
      }
    }
  }
}
